
Microsoft Visual Studio Solution File, Format Version 12.00
# Visual Studio Version 17
VisualStudioVersion = 17.11.35327.3
MinimumVisualStudioVersion = 10.0.40219.1
Project("{9A19103F-16F7-4668-BE54-9A1E7A4F7556}") = "ParkingApi", "ParkingApi\ParkingApi.csproj", "{5E1FA71B-9642-45C0-B4F5-653FE0A4DF7B}"
EndProject
Project("{E53339B2-1760-4266-BCC7-CA923CBCF16C}") = "docker-compose", "docker-compose.dcproj", "{9E832722-F2A0-4AF8-B6BC-C50863362D57}"
EndProject
Project("{9A19103F-16F7-4668-BE54-9A1E7A4F7556}") = "Domain", "Domain\Domain.csproj", "{472E4C14-A83F-419C-A009-879111C39BCB}"
EndProject
Project("{2150E333-8FDC-42A3-9474-1A3956D46DE8}") = "Solution Items", "Solution Items", "{9A151186-4D67-4555-91CD-C8921BFFD0A8}"
	ProjectSection(SolutionItems) = preProject
		Readme.md = Readme.md
	EndProjectSection
EndProject
Project("{FAE04EC0-301F-11D3-BF4B-00C04F79EFBC}") = "Queries", "Queries\Queries.csproj", "{5233AD64-2FDC-4ED3-BD88-F99332885EF2}"
EndProject
Global
	GlobalSection(SolutionConfigurationPlatforms) = preSolution
		Debug|Any CPU = Debug|Any CPU
		Release|Any CPU = Release|Any CPU
	EndGlobalSection
	GlobalSection(ProjectConfigurationPlatforms) = postSolution
		{5E1FA71B-9642-45C0-B4F5-653FE0A4DF7B}.Debug|Any CPU.ActiveCfg = Debug|Any CPU
		{5E1FA71B-9642-45C0-B4F5-653FE0A4DF7B}.Debug|Any CPU.Build.0 = Debug|Any CPU
		{5E1FA71B-9642-45C0-B4F5-653FE0A4DF7B}.Release|Any CPU.ActiveCfg = Release|Any CPU
		{5E1FA71B-9642-45C0-B4F5-653FE0A4DF7B}.Release|Any CPU.Build.0 = Release|Any CPU
		{9E832722-F2A0-4AF8-B6BC-C50863362D57}.Debug|Any CPU.ActiveCfg = Debug|Any CPU
		{9E832722-F2A0-4AF8-B6BC-C50863362D57}.Debug|Any CPU.Build.0 = Debug|Any CPU
		{9E832722-F2A0-4AF8-B6BC-C50863362D57}.Release|Any CPU.ActiveCfg = Release|Any CPU
		{9E832722-F2A0-4AF8-B6BC-C50863362D57}.Release|Any CPU.Build.0 = Release|Any CPU
		{472E4C14-A83F-419C-A009-879111C39BCB}.Debug|Any CPU.ActiveCfg = Debug|Any CPU
		{472E4C14-A83F-419C-A009-879111C39BCB}.Debug|Any CPU.Build.0 = Debug|Any CPU
		{472E4C14-A83F-419C-A009-879111C39BCB}.Release|Any CPU.ActiveCfg = Release|Any CPU
		{472E4C14-A83F-419C-A009-879111C39BCB}.Release|Any CPU.Build.0 = Release|Any CPU
		{5233AD64-2FDC-4ED3-BD88-F99332885EF2}.Debug|Any CPU.ActiveCfg = Debug|Any CPU
		{5233AD64-2FDC-4ED3-BD88-F99332885EF2}.Debug|Any CPU.Build.0 = Debug|Any CPU
		{5233AD64-2FDC-4ED3-BD88-F99332885EF2}.Release|Any CPU.ActiveCfg = Release|Any CPU
		{5233AD64-2FDC-4ED3-BD88-F99332885EF2}.Release|Any CPU.Build.0 = Release|Any CPU
	EndGlobalSection
	GlobalSection(SolutionProperties) = preSolution
		HideSolutionNode = FALSE
	EndGlobalSection
	GlobalSection(ExtensibilityGlobals) = postSolution
		SolutionGuid = {E59702ED-3769-4746-B038-FFA33C2BC976}
	EndGlobalSection
EndGlobal
